
Microsoft Visual Studio Solution File, Format Version 12.00
# Visual Studio Version 17
VisualStudioVersion = 17.7.34024.191
MinimumVisualStudioVersion = 10.0.40219.1
Project("{FAE04EC0-301F-11D3-BF4B-00C04F79EFBC}") = "ConsoleApp1", "ConsoleApp1\ConsoleApp1.csproj", "{FDAEF7DC-5909-4ABF-B1B6-2C812C592A8A}"
EndProject
Global
	GlobalSection(SolutionConfigurationPlatforms) = preSolution
		Debug|Any CPU = Debug|Any CPU
		Release|Any CPU = Release|Any CPU
	EndGlobalSection
	GlobalSection(ProjectConfigurationPlatforms) = postSolution
		{FDAEF7DC-5909-4ABF-B1B6-2C812C592A8A}.Debug|Any CPU.ActiveCfg = Debug|Any CPU
		{FDAEF7DC-5909-4ABF-B1B6-2C812C592A8A}.Debug|Any CPU.Build.0 = Debug|Any CPU
		{FDAEF7DC-5909-4ABF-B1B6-2C812C592A8A}.Release|Any CPU.ActiveCfg = Release|Any CPU
		{FDAEF7DC-5909-4ABF-B1B6-2C812C592A8A}.Release|Any CPU.Build.0 = Release|Any CPU
	EndGlobalSection
	GlobalSection(SolutionProperties) = preSolution
		HideSolutionNode = FALSE
	EndGlobalSection
	GlobalSection(ExtensibilityGlobals) = postSolution
		SolutionGuid = {2FAE2197-A415-4DCB-81D5-40266EA2F717}
	EndGlobalSection
EndGlobal
