
Microsoft Visual Studio Solution File, Format Version 12.00
# Visual Studio Version 17
VisualStudioVersion = 17.7.34024.191
MinimumVisualStudioVersion = 10.0.40219.1
Project("{FAE04EC0-301F-11D3-BF4B-00C04F79EFBC}") = "WebProgramming2", "WebProgramming2\WebProgramming2.csproj", "{4F31282F-C832-4560-A954-BEC99FEB615B}"
EndProject
Global
	GlobalSection(SolutionConfigurationPlatforms) = preSolution
		Debug|Any CPU = Debug|Any CPU
		Release|Any CPU = Release|Any CPU
	EndGlobalSection
	GlobalSection(ProjectConfigurationPlatforms) = postSolution
		{4F31282F-C832-4560-A954-BEC99FEB615B}.Debug|Any CPU.ActiveCfg = Debug|Any CPU
		{4F31282F-C832-4560-A954-BEC99FEB615B}.Debug|Any CPU.Build.0 = Debug|Any CPU
		{4F31282F-C832-4560-A954-BEC99FEB615B}.Release|Any CPU.ActiveCfg = Release|Any CPU
		{4F31282F-C832-4560-A954-BEC99FEB615B}.Release|Any CPU.Build.0 = Release|Any CPU
	EndGlobalSection
	GlobalSection(SolutionProperties) = preSolution
		HideSolutionNode = FALSE
	EndGlobalSection
	GlobalSection(ExtensibilityGlobals) = postSolution
		SolutionGuid = {9C747ADF-7151-4DD1-BB97-8E8853ECE2AC}
	EndGlobalSection
EndGlobal
